
Microsoft Visual Studio Solution File, Format Version 12.00
# Visual Studio Version 17
VisualStudioVersion = 17.5.002.0
MinimumVisualStudioVersion = 10.0.40219.1
Project("{9A19103F-16F7-4668-BE54-9A1E7A4F7556}") = "Squib.UserService.API", "Squib.UserService.API\Squib.UserService.API.csproj", "{0D04A2DF-BF5A-4D7B-AB97-89F8B8583133}"
EndProject
Project("{9A19103F-16F7-4668-BE54-9A1E7A4F7556}") = "Squib.UserService.Host", "Squib.UserService.Host\Squib.UserService.Host.csproj", "{77BFE682-E8BD-465C-90B5-F77654C4A8E2}"
EndProject
Project("{FAE04EC0-301F-11D3-BF4B-00C04F79EFBC}") = "Squib.IdentityServer", "Squib.IdentityServer\Squib.IdentityServer.csproj", "{DD9D3D50-8C23-4A74-99F9-BFF16B607363}"
EndProject
Global
	GlobalSection(SolutionConfigurationPlatforms) = preSolution
		Debug|Any CPU = Debug|Any CPU
		Release|Any CPU = Release|Any CPU
	EndGlobalSection
	GlobalSection(ProjectConfigurationPlatforms) = postSolution
		{0D04A2DF-BF5A-4D7B-AB97-89F8B8583133}.Debug|Any CPU.ActiveCfg = Debug|Any CPU
		{0D04A2DF-BF5A-4D7B-AB97-89F8B8583133}.Debug|Any CPU.Build.0 = Debug|Any CPU
		{0D04A2DF-BF5A-4D7B-AB97-89F8B8583133}.Release|Any CPU.ActiveCfg = Release|Any CPU
		{0D04A2DF-BF5A-4D7B-AB97-89F8B8583133}.Release|Any CPU.Build.0 = Release|Any CPU
		{77BFE682-E8BD-465C-90B5-F77654C4A8E2}.Debug|Any CPU.ActiveCfg = Debug|Any CPU
		{77BFE682-E8BD-465C-90B5-F77654C4A8E2}.Debug|Any CPU.Build.0 = Debug|Any CPU
		{77BFE682-E8BD-465C-90B5-F77654C4A8E2}.Release|Any CPU.ActiveCfg = Release|Any CPU
		{77BFE682-E8BD-465C-90B5-F77654C4A8E2}.Release|Any CPU.Build.0 = Release|Any CPU
		{DD9D3D50-8C23-4A74-99F9-BFF16B607363}.Debug|Any CPU.ActiveCfg = Debug|Any CPU
		{DD9D3D50-8C23-4A74-99F9-BFF16B607363}.Debug|Any CPU.Build.0 = Debug|Any CPU
		{DD9D3D50-8C23-4A74-99F9-BFF16B607363}.Release|Any CPU.ActiveCfg = Release|Any CPU
		{DD9D3D50-8C23-4A74-99F9-BFF16B607363}.Release|Any CPU.Build.0 = Release|Any CPU
	EndGlobalSection
	GlobalSection(SolutionProperties) = preSolution
		HideSolutionNode = FALSE
	EndGlobalSection
	GlobalSection(ExtensibilityGlobals) = postSolution
		SolutionGuid = {3F6C62D4-1249-463A-B2CD-D4282F108DD3}
	EndGlobalSection
EndGlobal
