
Microsoft Visual Studio Solution File, Format Version 12.00
# Visual Studio Version 17
VisualStudioVersion = 17.10.35013.160
MinimumVisualStudioVersion = 10.0.40219.1
Project("{FAE04EC0-301F-11D3-BF4B-00C04F79EFBC}") = "Squib.IdentityServer", "Squib.IdentityServer\Squib.IdentityServer.csproj", "{31C87AEA-6660-4865-89DB-CD9C1CBA9449}"
EndProject
Global
	GlobalSection(SolutionConfigurationPlatforms) = preSolution
		Debug|Any CPU = Debug|Any CPU
		Release|Any CPU = Release|Any CPU
	EndGlobalSection
	GlobalSection(ProjectConfigurationPlatforms) = postSolution
		{31C87AEA-6660-4865-89DB-CD9C1CBA9449}.Debug|Any CPU.ActiveCfg = Debug|Any CPU
		{31C87AEA-6660-4865-89DB-CD9C1CBA9449}.Debug|Any CPU.Build.0 = Debug|Any CPU
		{31C87AEA-6660-4865-89DB-CD9C1CBA9449}.Release|Any CPU.ActiveCfg = Release|Any CPU
		{31C87AEA-6660-4865-89DB-CD9C1CBA9449}.Release|Any CPU.Build.0 = Release|Any CPU
	EndGlobalSection
	GlobalSection(SolutionProperties) = preSolution
		HideSolutionNode = FALSE
	EndGlobalSection
	GlobalSection(ExtensibilityGlobals) = postSolution
		SolutionGuid = {1ADD2A3B-4B89-4F2B-841C-BC0506173CF6}
	EndGlobalSection
EndGlobal
